
Microsoft Visual Studio Solution File, Format Version 12.00
# Visual Studio Express 2013 for Web
VisualStudioVersion = 12.0.31101.0
MinimumVisualStudioVersion = 10.0.40219.1
Project("{F184B08F-C81C-45F6-A57F-5ABD9991F28F}") = "Google Tag Manager 2", "Google Tag Manager 2\Google Tag Manager 2.vbproj", "{5D902DA6-54C5-438E-946B-9B964EFC6920}"
EndProject
Project("{F184B08F-C81C-45F6-A57F-5ABD9991F28F}") = "Google Tag Manager 2.Tests", "Google Tag Manager 2.Tests\Google Tag Manager 2.Tests.vbproj", "{304FE3D5-A1CD-4751-8187-4AC3EC1735E1}"
EndProject
Project("{2150E333-8FDC-42A3-9474-1A3956D46DE8}") = "PublishScripts", "PublishScripts", "{A20859FB-5AB8-4EC4-8460-F49B12E1D39D}"
	ProjectSection(SolutionItems) = preProject
		PublishScripts\AzureWebsitePublishModule.psm1 = PublishScripts\AzureWebsitePublishModule.psm1
		PublishScripts\Publish-WebApplicationWebsite.ps1 = PublishScripts\Publish-WebApplicationWebsite.ps1
	EndProjectSection
EndProject
Project("{2150E333-8FDC-42A3-9474-1A3956D46DE8}") = "Configurations", "Configurations", "{462CCC8D-8FEA-41E7-8FFD-EC04C463DEC1}"
	ProjectSection(SolutionItems) = preProject
		PublishScripts\Configurations\GoogleTagManager2-WAWS-dev.json = PublishScripts\Configurations\GoogleTagManager2-WAWS-dev.json
	EndProjectSection
EndProject
Project("{2150E333-8FDC-42A3-9474-1A3956D46DE8}") = ".nuget", ".nuget", "{50184327-7A46-419E-9A40-95743C5770A5}"
	ProjectSection(SolutionItems) = preProject
		.nuget\packages.config = .nuget\packages.config
	EndProjectSection
EndProject
Global
	GlobalSection(TeamFoundationVersionControl) = preSolution
		SccNumberOfProjects = 3
		SccEnterpriseProvider = {4CA58AB2-18FA-4F8D-95D4-32DDF27D184C}
		SccTeamFoundationServer = https://hootandehbonei.visualstudio.com/defaultcollection
		SccLocalPath0 = .
		SccProjectUniqueName1 = Google\u0020Tag\u0020Manager\u00202.Tests\\Google\u0020Tag\u0020Manager\u00202.Tests.vbproj
		SccProjectName1 = Google\u0020Tag\u0020Manager\u00202.Tests
		SccLocalPath1 = Google\u0020Tag\u0020Manager\u00202.Tests
		SccProjectUniqueName2 = Google\u0020Tag\u0020Manager\u00202\\Google\u0020Tag\u0020Manager\u00202.vbproj
		SccProjectName2 = Google\u0020Tag\u0020Manager\u00202
		SccLocalPath2 = Google\u0020Tag\u0020Manager\u00202
	EndGlobalSection
	GlobalSection(SolutionConfigurationPlatforms) = preSolution
		Debug|Any CPU = Debug|Any CPU
		Release|Any CPU = Release|Any CPU
	EndGlobalSection
	GlobalSection(ProjectConfigurationPlatforms) = postSolution
		{5D902DA6-54C5-438E-946B-9B964EFC6920}.Debug|Any CPU.ActiveCfg = Debug|Any CPU
		{5D902DA6-54C5-438E-946B-9B964EFC6920}.Debug|Any CPU.Build.0 = Debug|Any CPU
		{5D902DA6-54C5-438E-946B-9B964EFC6920}.Release|Any CPU.ActiveCfg = Release|Any CPU
		{5D902DA6-54C5-438E-946B-9B964EFC6920}.Release|Any CPU.Build.0 = Release|Any CPU
		{304FE3D5-A1CD-4751-8187-4AC3EC1735E1}.Debug|Any CPU.ActiveCfg = Debug|Any CPU
		{304FE3D5-A1CD-4751-8187-4AC3EC1735E1}.Debug|Any CPU.Build.0 = Debug|Any CPU
		{304FE3D5-A1CD-4751-8187-4AC3EC1735E1}.Release|Any CPU.ActiveCfg = Release|Any CPU
		{304FE3D5-A1CD-4751-8187-4AC3EC1735E1}.Release|Any CPU.Build.0 = Release|Any CPU
	EndGlobalSection
	GlobalSection(SolutionProperties) = preSolution
		HideSolutionNode = FALSE
	EndGlobalSection
	GlobalSection(NestedProjects) = preSolution
		{462CCC8D-8FEA-41E7-8FFD-EC04C463DEC1} = {A20859FB-5AB8-4EC4-8460-F49B12E1D39D}
	EndGlobalSection
EndGlobal
